PODS:
  - CTMediator (13)
  - MediatorReservationModuleCategory (1.0):
    - CTMediator

DEPENDENCIES:
  - MediatorReservationModuleCategory

SPEC REPOS:
  https://github.com/CocoaPods/Specs.git:
    - CTMediator
  https://github.com/ModularAppLab/PrivatePods.git:
    - MediatorReservationModuleCategory

SPEC CHECKSUMS:
  CTMediator: 4cbf8ede42efc6b31715be88b78bdc9d94efa840
  MediatorReservationModuleCategory: 26ca907f51dfcc2483940d4fdb2febd63d846323

PODFILE CHECKSUM: 5ce87069b987241c8bfadb0bf1c53c0d3f6817d2

COCOAPODS: 1.5.0
